
Microsoft Visual Studio Solution File, Format Version 12.00
# Visual Studio Version 17
VisualStudioVersion = 17.0.32112.339
MinimumVisualStudioVersion = 10.0.40219.1
Project("{FAE04EC0-301F-11D3-BF4B-00C04F79EFBC}") = "WebApplication9", "WebApplication9\WebApplication9.csproj", "{82C79AD4-1DD5-49AE-9ED6-D754C5FDB1B9}"
EndProject
Global
	GlobalSection(SolutionConfigurationPlatforms) = preSolution
		Debug|Any CPU = Debug|Any CPU
		Release|Any CPU = Release|Any CPU
	EndGlobalSection
	GlobalSection(ProjectConfigurationPlatforms) = postSolution
		{82C79AD4-1DD5-49AE-9ED6-D754C5FDB1B9}.Debug|Any CPU.ActiveCfg = Debug|Any CPU
		{82C79AD4-1DD5-49AE-9ED6-D754C5FDB1B9}.Debug|Any CPU.Build.0 = Debug|Any CPU
		{82C79AD4-1DD5-49AE-9ED6-D754C5FDB1B9}.Release|Any CPU.ActiveCfg = Release|Any CPU
		{82C79AD4-1DD5-49AE-9ED6-D754C5FDB1B9}.Release|Any CPU.Build.0 = Release|Any CPU
	EndGlobalSection
	GlobalSection(SolutionProperties) = preSolution
		HideSolutionNode = FALSE
	EndGlobalSection
	GlobalSection(ExtensibilityGlobals) = postSolution
		SolutionGuid = {4EED5D3B-480D-46E1-B05F-6EDAD1FDBF6B}
	EndGlobalSection
EndGlobal
